
Microsoft Visual Studio Solution File, Format Version 12.00
# Visual Studio 15
VisualStudioVersion = 15.0.27428.2037
MinimumVisualStudioVersion = 10.0.40219.1
Project("{FAE04EC0-301F-11D3-BF4B-00C04F79EFBC}") = "prjREMAX", "prjREMAX\prjREMAX.csproj", "{58EF15F5-787B-4DA9-9769-432BC0F08AD8}"
EndProject
Global
	GlobalSection(SolutionConfigurationPlatforms) = preSolution
		Debug|Any CPU = Debug|Any CPU
		Release|Any CPU = Release|Any CPU
	EndGlobalSection
	GlobalSection(ProjectConfigurationPlatforms) = postSolution
		{58EF15F5-787B-4DA9-9769-432BC0F08AD8}.Debug|Any CPU.ActiveCfg = Debug|Any CPU
		{58EF15F5-787B-4DA9-9769-432BC0F08AD8}.Debug|Any CPU.Build.0 = Debug|Any CPU
		{58EF15F5-787B-4DA9-9769-432BC0F08AD8}.Release|Any CPU.ActiveCfg = Release|Any CPU
		{58EF15F5-787B-4DA9-9769-432BC0F08AD8}.Release|Any CPU.Build.0 = Release|Any CPU
	EndGlobalSection
	GlobalSection(SolutionProperties) = preSolution
		HideSolutionNode = FALSE
	EndGlobalSection
	GlobalSection(ExtensibilityGlobals) = postSolution
		SolutionGuid = {30BB3398-E6D1-4420-A1B9-039A545FF89D}
	EndGlobalSection
EndGlobal
